// !$*UTF8*$!
{
	archiveVersion = 1;
	classes = {
	};
	objectVersion = 46;
	objects = {

/* Begin PBXBuildFile section */
		BE485F1D19B7BF0800F58B99 /* Foundation.framework in Frameworks */ = {isa = PBXBuildFile; fileRef = BE485F1C19B7BF0800F58B99 /* Foundation.framework */; };
		BE485F1F19B7BF0800F58B99 /* CoreGraphics.framework in Frameworks */ = {isa = PBXBuildFile; fileRef = BE485F1E19B7BF0800F58B99 /* CoreGraphics.framework */; };
		BE485F2119B7BF0800F58B99 /* UIKit.framework in Frameworks */ = {isa = PBXBuildFile; fileRef = BE485F2019B7BF0800F58B99 /* UIKit.framework */; };
		BE485F2719B7BF0800F58B99 /* InfoPlist.strings in Resources */ = {isa = PBXBuildFile; fileRef = BE485F2519B7BF0800F58B99 /* InfoPlist.strings */; };
		BE485F2919B7BF0800F58B99 /* main.m in Sources */ = {isa = PBXBuildFile; fileRef = BE485F2819B7BF0800F58B99 /* main.m */; };
		BE485F2D19B7BF0800F58B99 /* CollectionDemoAppDelegate.m in Sources */ = {isa = PBXBuildFile; fileRef = BE485F2C19B7BF0800F58B99 /* CollectionDemoAppDelegate.m */; };
		BE485F3019B7BF0800F58B99 /* Main.storyboard in Resources */ = {isa = PBXBuildFile; fileRef = BE485F2E19B7BF0800F58B99 /* Main.storyboard */; };
		BE485F3519B7BF0800F58B99 /* Images.xcassets in Resources */ = {isa = PBXBuildFile; fileRef = BE485F3419B7BF0800F58B99 /* Images.xcassets */; };
		BE485F3C19B7BF0800F58B99 /* XCTest.framework in Frameworks */ = {isa = PBXBuildFile; fileRef = BE485F3B19B7BF0800F58B99 /* XCTest.framework */; };
		BE485F3D19B7BF0800F58B99 /* Foundation.framework in Frameworks */ = {isa = PBXBuildFile; fileRef = BE485F1C19B7BF0800F58B99 /* Foundation.framework */; };
		BE485F3E19B7BF0800F58B99 /* UIKit.framework in Frameworks */ = {isa = PBXBuildFile; fileRef = BE485F2019B7BF0800F58B99 /* UIKit.framework */; };
		BE485F4619B7BF0800F58B99 /* InfoPlist.strings in Resources */ = {isa = PBXBuildFile; fileRef = BE485F4419B7BF0800F58B99 /* InfoPlist.strings */; };
		BE485F4819B7BF0800F58B99 /* CollectionDemoTests.m in Sources */ = {isa = PBXBuildFile; fileRef = BE485F4719B7BF0800F58B99 /* CollectionDemoTests.m */; };
		BE485F5319B7BF9100F58B99 /* MyCollectionViewController.m in Sources */ = {isa = PBXBuildFile; fileRef = BE485F5219B7BF9100F58B99 /* MyCollectionViewController.m */; };
		BE485F5619B7C02B00F58B99 /* MyCollectionViewCell.m in Sources */ = {isa = PBXBuildFile; fileRef = BE485F5519B7C02B00F58B99 /* MyCollectionViewCell.m */; };
		BED1A9A619B90DE4002C76B8 /* MySupplementaryView.m in Sources */ = {isa = PBXBuildFile; fileRef = BED1A9A519B90DE4002C76B8 /* MySupplementaryView.m */; };
/* End PBXBuildFile section */

/* Begin PBXContainerItemProxy section */
		BE485F3F19B7BF0800F58B99 /* PBXContainerItemProxy */ = {
			isa = PBXContainerItemProxy;
			containerPortal = BE485F1119B7BF0800F58B99 /* Project object */;
			proxyType = 1;
			remoteGlobalIDString = BE485F1819B7BF0800F58B99;
			remoteInfo = CollectionDemo;
		};
/* End PBXContainerItemProxy section */

/* Begin PBXFileReference section */
		BE485F1919B7BF0800F58B99 /* CollectionDemo.app */ = {isa = PBXFileReference; explicitFileType = wrapper.application; includeInIndex = 0; path = CollectionDemo.app; sourceTree = BUILT_PRODUCTS_DIR; };
		BE485F1C19B7BF0800F58B99 /* Foundation.framework */ = {isa = PBXFileReference; lastKnownFileType = wrapper.framework; name = Foundation.framework; path = System/Library/Frameworks/Foundation.framework; sourceTree = SDKROOT; };
		BE485F1E19B7BF0800F58B99 /* CoreGraphics.framework */ = {isa = PBXFileReference; lastKnownFileType = wrapper.framework; name = CoreGraphics.framework; path = System/Library/Frameworks/CoreGraphics.framework; sourceTree = SDKROOT; };
		BE485F2019B7BF0800F58B99 /* UIKit.framework */ = {isa = PBXFileReference; lastKnownFileType = wrapper.framework; name = UIKit.framework; path = System/Library/Frameworks/UIKit.framework; sourceTree = SDKROOT; };
		BE485F2419B7BF0800F58B99 /* CollectionDemo-Info.plist */ = {isa = PBXFileReference; lastKnownFileType = text.plist.xml; path = "CollectionDemo-Info.plist"; sourceTree = "<group>"; };
		BE485F2619B7BF0800F58B99 /* en */ = {isa = PBXFileReference; lastKnownFileType = text.plist.strings; name = en; path = en.lproj/InfoPlist.strings; sourceTree = "<group>"; };
		BE485F2819B7BF0800F58B99 /* main.m */ = {isa = PBXFileReference; lastKnownFileType = sourcecode.c.objc; path = main.m; sourceTree = "<group>"; };
		BE485F2A19B7BF0800F58B99 /* CollectionDemo-Prefix.pch */ = {isa = PBXFileReference; lastKnownFileType = sourcecode.c.h; path = "CollectionDemo-Prefix.pch"; sourceTree = "<group>"; };
		BE485F2B19B7BF0800F58B99 /* CollectionDemoAppDelegate.h */ = {isa = PBXFileReference; lastKnownFileType = sourcecode.c.h; path = CollectionDemoAppDelegate.h; sourceTree = "<group>"; };
		BE485F2C19B7BF0800F58B99 /* CollectionDemoAppDelegate.m */ = {isa = PBXFileReference; lastKnownFileType = sourcecode.c.objc; path = CollectionDemoAppDelegate.m; sourceTree = "<group>"; };
		BE485F2F19B7BF0800F58B99 /* Base */ = {isa = PBXFileReference; lastKnownFileType = file.storyboard; name = Base; path = Base.lproj/Main.storyboard; sourceTree = "<group>"; };
		BE485F3419B7BF0800F58B99 /* Images.xcassets */ = {isa = PBXFileReference; lastKnownFileType = folder.assetcatalog; path = Images.xcassets; sourceTree = "<group>"; };
		BE485F3A19B7BF0800F58B99 /* CollectionDemoTests.xctest */ = {isa = PBXFileReference; explicitFileType = wrapper.cfbundle; includeInIndex = 0; path = CollectionDemoTests.xctest; sourceTree = BUILT_PRODUCTS_DIR; };
		BE485F3B19B7BF0800F58B99 /* XCTest.framework */ = {isa = PBXFileReference; lastKnownFileType = wrapper.framework; name = XCTest.framework; path = Library/Frameworks/XCTest.framework; sourceTree = DEVELOPER_DIR; };
		BE485F4319B7BF0800F58B99 /* CollectionDemoTests-Info.plist */ = {isa = PBXFileReference; lastKnownFileType = text.plist.xml; path = "CollectionDemoTests-Info.plist"; sourceTree = "<group>"; };
		BE485F4519B7BF0800F58B99 /* en */ = {isa = PBXFileReference; lastKnownFileType = text.plist.strings; name = en; path = en.lproj/InfoPlist.strings; sourceTree = "<group>"; };
		BE485F4719B7BF0800F58B99 /* CollectionDemoTests.m */ = {isa = PBXFileReference; lastKnownFileType = sourcecode.c.objc; path = CollectionDemoTests.m; sourceTree = "<group>"; };
		BE485F5119B7BF9100F58B99 /* MyCollectionViewController.h */ = {isa = PBXFileReference; fileEncoding = 4; lastKnownFileType = sourcecode.c.h; name = MyCollectionViewController.h; path = CollectionDemo/MyCollectionViewController.h; sourceTree = "<group>"; };
		BE485F5219B7BF9100F58B99 /* MyCollectionViewController.m */ = {isa = PBXFileReference; fileEncoding = 4; lastKnownFileType = sourcecode.c.objc; name = MyCollectionViewController.m; path = CollectionDemo/MyCollectionViewController.m; sourceTree = "<group>"; };
		BE485F5419B7C02B00F58B99 /* MyCollectionViewCell.h */ = {isa = PBXFileReference; fileEncoding = 4; lastKnownFileType = sourcecode.c.h; path = MyCollectionViewCell.h; sourceTree = "<group>"; };
		BE485F5519B7C02B00F58B99 /* MyCollectionViewCell.m */ = {isa = PBXFileReference; fileEncoding = 4; lastKnownFileType = sourcecode.c.objc; path = MyCollectionViewCell.m; sourceTree = "<group>"; };
		BED1A9A419B90DE4002C76B8 /* MySupplementaryView.h */ = {isa = PBXFileReference; fileEncoding = 4; lastKnownFileType = sourcecode.c.h; path = MySupplementaryView.h; sourceTree = "<group>"; };
		BED1A9A519B90DE4002C76B8 /* MySupplementaryView.m */ = {isa = PBXFileReference; fileEncoding = 4; lastKnownFileType = sourcecode.c.objc; path = MySupplementaryView.m; sourceTree = "<group>"; };
/* End PBXFileReference section */

/* Begin PBXFrameworksBuildPhase section */
		BE485F1619B7BF0800F58B99 /* Frameworks */ = {
			isa = PBXFrameworksBuildPhase;
			buildActionMask = 2147483647;
			files = (
				BE485F1F19B7BF0800F58B99 /* CoreGraphics.framework in Frameworks */,
				BE485F2119B7BF0800F58B99 /* UIKit.framework in Frameworks */,
				BE485F1D19B7BF0800F58B99 /* Foundation.framework in Frameworks */,
			);
			runOnlyForDeploymentPostprocessing = 0;
		};
		BE485F3719B7BF0800F58B99 /* Frameworks */ = {
			isa = PBXFrameworksBuildPhase;
			buildActionMask = 2147483647;
			files = (
				BE485F3C19B7BF0800F58B99 /* XCTest.framework in Frameworks */,
				BE485F3E19B7BF0800F58B99 /* UIKit.framework in Frameworks */,
				BE485F3D19B7BF0800F58B99 /* Foundation.framework in Frameworks */,
			);
			runOnlyForDeploymentPostprocessing = 0;
		};
/* End PBXFrameworksBuildPhase section */

/* Begin PBXGroup section */
		BE485F1019B7BF0800F58B99 = {
			isa = PBXGroup;
			children = (
				BED1A9A419B90DE4002C76B8 /* MySupplementaryView.h */,
				BED1A9A519B90DE4002C76B8 /* MySupplementaryView.m */,
				BE485F5119B7BF9100F58B99 /* MyCollectionViewController.h */,
				BE485F5219B7BF9100F58B99 /* MyCollectionViewController.m */,
				BE485F2219B7BF0800F58B99 /* CollectionDemo */,
				BE485F4119B7BF0800F58B99 /* CollectionDemoTests */,
				BE485F1B19B7BF0800F58B99 /* Frameworks */,
				BE485F1A19B7BF0800F58B99 /* Products */,
			);
			sourceTree = "<group>";
		};
		BE485F1A19B7BF0800F58B99 /* Products */ = {
			isa = PBXGroup;
			children = (
				BE485F1919B7BF0800F58B99 /* CollectionDemo.app */,
				BE485F3A19B7BF0800F58B99 /* CollectionDemoTests.xctest */,
			);
			name = Products;
			sourceTree = "<group>";
		};
		BE485F1B19B7BF0800F58B99 /* Frameworks */ = {
			isa = PBXGroup;
			children = (
				BE485F1C19B7BF0800F58B99 /* Foundation.framework */,
				BE485F1E19B7BF0800F58B99 /* CoreGraphics.framework */,
				BE485F2019B7BF0800F58B99 /* UIKit.framework */,
				BE485F3B19B7BF0800F58B99 /* XCTest.framework */,
			);
			name = Frameworks;
			sourceTree = "<group>";
		};
		BE485F2219B7BF0800F58B99 /* CollectionDemo */ = {
			isa = PBXGroup;
			children = (
				BE485F2B19B7BF0800F58B99 /* CollectionDemoAppDelegate.h */,
				BE485F2C19B7BF0800F58B99 /* CollectionDemoAppDelegate.m */,
				BE485F2E19B7BF0800F58B99 /* Main.storyboard */,
				BE485F5419B7C02B00F58B99 /* MyCollectionViewCell.h */,
				BE485F5519B7C02B00F58B99 /* MyCollectionViewCell.m */,
				BE485F3419B7BF0800F58B99 /* Images.xcassets */,
				BE485F2319B7BF0800F58B99 /* Supporting Files */,
			);
			path = CollectionDemo;
			sourceTree = "<group>";
		};
		BE485F2319B7BF0800F58B99 /* Supporting Files */ = {
			isa = PBXGroup;
			children = (
				BE485F2419B7BF0800F58B99 /* CollectionDemo-Info.plist */,
				BE485F2519B7BF0800F58B99 /* InfoPlist.strings */,
				BE485F2819B7BF0800F58B99 /* main.m */,
				BE485F2A19B7BF0800F58B99 /* CollectionDemo-Prefix.pch */,
			);
			name = "Supporting Files";
			sourceTree = "<group>";
		};
		BE485F4119B7BF0800F58B99 /* CollectionDemoTests */ = {
			isa = PBXGroup;
			children = (
				BE485F4719B7BF0800F58B99 /* CollectionDemoTests.m */,
				BE485F4219B7BF0800F58B99 /* Supporting Files */,
			);
			path = CollectionDemoTests;
			sourceTree = "<group>";
		};
		BE485F4219B7BF0800F58B99 /* Supporting Files */ = {
			isa = PBXGroup;
			children = (
				BE485F4319B7BF0800F58B99 /* CollectionDemoTests-Info.plist */,
				BE485F4419B7BF0800F58B99 /* InfoPlist.strings */,
			);
			name = "Supporting Files";
			sourceTree = "<group>";
		};
/* End PBXGroup section */

/* Begin PBXNativeTarget section */
		BE485F1819B7BF0800F58B99 /* CollectionDemo */ = {
			isa = PBXNativeTarget;
			buildConfigurationList = BE485F4B19B7BF0800F58B99 /* Build configuration list for PBXNativeTarget "CollectionDemo" */;
			buildPhases = (
				BE485F1519B7BF0800F58B99 /* Sources */,
				BE485F1619B7BF0800F58B99 /* Frameworks */,
				BE485F1719B7BF0800F58B99 /* Resources */,
			);
			buildRules = (
			);
			dependencies = (
			);
			name = CollectionDemo;
			productName = CollectionDemo;
			productReference = BE485F1919B7BF0800F58B99 /* CollectionDemo.app */;
			productType = "com.apple.product-type.application";
		};
		BE485F3919B7BF0800F58B99 /* CollectionDemoTests */ = {
			isa = PBXNativeTarget;
			buildConfigurationList = BE485F4E19B7BF0800F58B99 /* Build configuration list for PBXNativeTarget "CollectionDemoTests" */;
			buildPhases = (
				BE485F3619B7BF0800F58B99 /* Sources */,
				BE485F3719B7BF0800F58B99 /* Frameworks */,
				BE485F3819B7BF0800F58B99 /* Resources */,
			);
			buildRules = (
			);
			dependencies = (
				BE485F4019B7BF0800F58B99 /* PBXTargetDependency */,
			);
			name = CollectionDemoTests;
			productName = CollectionDemoTests;
			productReference = BE485F3A19B7BF0800F58B99 /* CollectionDemoTests.xctest */;
			productType = "com.apple.product-type.bundle.unit-test";
		};
/* End PBXNativeTarget section */

/* Begin PBXProject section */
		BE485F1119B7BF0800F58B99 /* Project object */ = {
			isa = PBXProject;
			attributes = {
				CLASSPREFIX = CollectionDemo;
				LastUpgradeCheck = 0510;
				ORGANIZATIONNAME = fakeancient;
				TargetAttributes = {
					BE485F3919B7BF0800F58B99 = {
						TestTargetID = BE485F1819B7BF0800F58B99;
					};
				};
			};
			buildConfigurationList = BE485F1419B7BF0800F58B99 /* Build configuration list for PBXProject "CollectionDemo" */;
			compatibilityVersion = "Xcode 3.2";
			developmentRegion = English;
			hasScannedForEncodings = 0;
			knownRegions = (
				en,
				Base,
			);
			mainGroup = BE485F1019B7BF0800F58B99;
			productRefGroup = BE485F1A19B7BF0800F58B99 /* Products */;
			projectDirPath = "";
			projectRoot = "";
			targets = (
				BE485F1819B7BF0800F58B99 /* CollectionDemo */,
				BE485F3919B7BF0800F58B99 /* CollectionDemoTests */,
			);
		};
/* End PBXProject section */

/* Begin PBXResourcesBuildPhase section */
		BE485F1719B7BF0800F58B99 /* Resources */ = {
			isa = PBXResourcesBuildPhase;
			buildActionMask = 2147483647;
			files = (
				BE485F3519B7BF0800F58B99 /* Images.xcassets in Resources */,
				BE485F2719B7BF0800F58B99 /* InfoPlist.strings in Resources */,
				BE485F3019B7BF0800F58B99 /* Main.storyboard in Resources */,
			);
			runOnlyForDeploymentPostprocessing = 0;
		};
		BE485F3819B7BF0800F58B99 /* Resources */ = {
			isa = PBXResourcesBuildPhase;
			buildActionMask = 2147483647;
			files = (
				BE485F4619B7BF0800F58B99 /* InfoPlist.strings in Resources */,
			);
			runOnlyForDeploymentPostprocessing = 0;
		};
/* End PBXResourcesBuildPhase section */

/* Begin PBXSourcesBuildPhase section */
		BE485F1519B7BF0800F58B99 /* Sources */ = {
			isa = PBXSourcesBuildPhase;
			buildActionMask = 2147483647;
			files = (
				BE485F2919B7BF0800F58B99 /* main.m in Sources */,
				BE485F2D19B7BF0800F58B99 /* CollectionDemoAppDelegate.m in Sources */,
				BE485F5619B7C02B00F58B99 /* MyCollectionViewCell.m in Sources */,
				BED1A9A619B90DE4002C76B8 /* MySupplementaryView.m in Sources */,
				BE485F5319B7BF9100F58B99 /* MyCollectionViewController.m in Sources */,
			);
			runOnlyForDeploymentPostprocessing = 0;
		};
		BE485F3619B7BF0800F58B99 /* Sources */ = {
			isa = PBXSourcesBuildPhase;
			buildActionMask = 2147483647;
			files = (
				BE485F4819B7BF0800F58B99 /* CollectionDemoTests.m in Sources */,
			);
			runOnlyForDeploymentPostprocessing = 0;
		};
/* End PBXSourcesBuildPhase section */

/* Begin PBXTargetDependency section */
		BE485F4019B7BF0800F58B99 /* PBXTargetDependency */ = {
			isa = PBXTargetDependency;
			target = BE485F1819B7BF0800F58B99 /* CollectionDemo */;
			targetProxy = BE485F3F19B7BF0800F58B99 /* PBXContainerItemProxy */;
		};
/* End PBXTargetDependency section */

/* Begin PBXVariantGroup section */
		BE485F2519B7BF0800F58B99 /* InfoPlist.strings */ = {
			isa = PBXVariantGroup;
			children = (
				BE485F2619B7BF0800F58B99 /* en */,
			);
			name = InfoPlist.strings;
			sourceTree = "<group>";
		};
		BE485F2E19B7BF0800F58B99 /* Main.storyboard */ = {
			isa = PBXVariantGroup;
			children = (
				BE485F2F19B7BF0800F58B99 /* Base */,
			);
			name = Main.storyboard;
			sourceTree = "<group>";
		};
		BE485F4419B7BF0800F58B99 /* InfoPlist.strings */ = {
			isa = PBXVariantGroup;
			children = (
				BE485F4519B7BF0800F58B99 /* en */,
			);
			name = InfoPlist.strings;
			sourceTree = "<group>";
		};
/* End PBXVariantGroup section */

/* Begin XCBuildConfiguration section */
		BE485F4919B7BF0800F58B99 /* Debug */ = {
			isa = XCBuildConfiguration;
			buildSettings = {
				ALWAYS_SEARCH_USER_PATHS = NO;
				CLANG_CXX_LANGUAGE_STANDARD = "gnu++0x";
				CLANG_CXX_LIBRARY = "libc++";
				CLANG_ENABLE_MODULES = YES;
				CLANG_ENABLE_OBJC_ARC = YES;
				CLANG_WARN_BOOL_CONVERSION = YES;
				CLANG_WARN_CONSTANT_CONVERSION = YES;
				CLANG_WARN_DIRECT_OBJC_ISA_USAGE = YES_ERROR;
				CLANG_WARN_EMPTY_BODY = YES;
				CLANG_WARN_ENUM_CONVERSION = YES;
				CLANG_WARN_INT_CONVERSION = YES;
				CLANG_WARN_OBJC_ROOT_CLASS = YES_ERROR;
				CLANG_WARN__DUPLICATE_METHOD_MATCH = YES;
				"CODE_SIGN_IDENTITY[sdk=iphoneos*]" = "iPhone Developer";
				COPY_PHASE_STRIP = NO;
				GCC_C_LANGUAGE_STANDARD = gnu99;
				GCC_DYNAMIC_NO_PIC = NO;
				GCC_OPTIMIZATION_LEVEL = 0;
				GCC_PREPROCESSOR_DEFINITIONS = (
					"DEBUG=1",
					"$(inherited)",
				);
				GCC_SYMBOLS_PRIVATE_EXTERN = NO;
				GCC_WARN_64_TO_32_BIT_CONVERSION = YES;
				GCC_WARN_ABOUT_RETURN_TYPE = YES_ERROR;
				GCC_WARN_UNDECLARED_SELECTOR = YES;
				GCC_WARN_UNINITIALIZED_AUTOS = YES_AGGRESSIVE;
				GCC_WARN_UNUSED_FUNCTION = YES;
				GCC_WARN_UNUSED_VARIABLE = YES;
				IPHONEOS_DEPLOYMENT_TARGET = 7.1;
				ONLY_ACTIVE_ARCH = YES;
				SDKROOT = iphoneos;
			};
			name = Debug;
		};
		BE485F4A19B7BF0800F58B99 /* Release */ = {
			isa = XCBuildConfiguration;
			buildSettings = {
				ALWAYS_SEARCH_USER_PATHS = NO;
				CLANG_CXX_LANGUAGE_STANDARD = "gnu++0x";
				CLANG_CXX_LIBRARY = "libc++";
				CLANG_ENABLE_MODULES = YES;
				CLANG_ENABLE_OBJC_ARC = YES;
				CLANG_WARN_BOOL_CONVERSION = YES;
				CLANG_WARN_CONSTANT_CONVERSION = YES;
				CLANG_WARN_DIRECT_OBJC_ISA_USAGE = YES_ERROR;
				CLANG_WARN_EMPTY_BODY = YES;
				CLANG_WARN_ENUM_CONVERSION = YES;
				CLANG_WARN_INT_CONVERSION = YES;
				CLANG_WARN_OBJC_ROOT_CLASS = YES_ERROR;
				CLANG_WARN__DUPLICATE_METHOD_MATCH = YES;
				"CODE_SIGN_IDENTITY[sdk=iphoneos*]" = "iPhone Developer";
				COPY_PHASE_STRIP = YES;
				ENABLE_NS_ASSERTIONS = NO;
				GCC_C_LANGUAGE_STANDARD = gnu99;
				GCC_WARN_64_TO_32_BIT_CONVERSION = YES;
				GCC_WARN_ABOUT_RETURN_TYPE = YES_ERROR;
				GCC_WARN_UNDECLARED_SELECTOR = YES;
				GCC_WARN_UNINITIALIZED_AUTOS = YES_AGGRESSIVE;
				GCC_WARN_UNUSED_FUNCTION = YES;
				GCC_WARN_UNUSED_VARIABLE = YES;
				IPHONEOS_DEPLOYMENT_TARGET = 7.1;
				SDKROOT = iphoneos;
				VALIDATE_PRODUCT = YES;
			};
			name = Release;
		};
		BE485F4C19B7BF0800F58B99 /* Debug */ = {
			isa = XCBuildConfiguration;
			buildSettings = {
				ASSETCATALOG_COMPILER_APPICON_NAME = AppIcon;
				ASSETCATALOG_COMPILER_LAUNCHIMAGE_NAME = LaunchImage;
				GCC_PRECOMPILE_PREFIX_HEADER = YES;
				GCC_PREFIX_HEADER = "CollectionDemo/CollectionDemo-Prefix.pch";
				INFOPLIST_FILE = "CollectionDemo/CollectionDemo-Info.plist";
				PRODUCT_NAME = "$(TARGET_NAME)";
				WRAPPER_EXTENSION = app;
			};
			name = Debug;
		};
		BE485F4D19B7BF0800F58B99 /* Release */ = {
			isa = XCBuildConfiguration;
			buildSettings = {
				ASSETCATALOG_COMPILER_APPICON_NAME = AppIcon;
				ASSETCATALOG_COMPILER_LAUNCHIMAGE_NAME = LaunchImage;
				GCC_PRECOMPILE_PREFIX_HEADER = YES;
				GCC_PREFIX_HEADER = "CollectionDemo/CollectionDemo-Prefix.pch";
				INFOPLIST_FILE = "CollectionDemo/CollectionDemo-Info.plist";
				PRODUCT_NAME = "$(TARGET_NAME)";
				WRAPPER_EXTENSION = app;
			};
			name = Release;
		};
		BE485F4F19B7BF0800F58B99 /* Debug */ = {
			isa = XCBuildConfiguration;
			buildSettings = {
				BUNDLE_LOADER = "$(BUILT_PRODUCTS_DIR)/CollectionDemo.app/CollectionDemo";
				FRAMEWORK_SEARCH_PATHS = (
					"$(SDKROOT)/Developer/Library/Frameworks",
					"$(inherited)",
					"$(DEVELOPER_FRAMEWORKS_DIR)",
				);
				GCC_PRECOMPILE_PREFIX_HEADER = YES;
				GCC_PREFIX_HEADER = "CollectionDemo/CollectionDemo-Prefix.pch";
				GCC_PREPROCESSOR_DEFINITIONS = (
					"DEBUG=1",
					"$(inherited)",
				);
				INFOPLIST_FILE = "CollectionDemoTests/CollectionDemoTests-Info.plist";
				PRODUCT_NAME = "$(TARGET_NAME)";
				TEST_HOST = "$(BUNDLE_LOADER)";
				WRAPPER_EXTENSION = xctest;
			};
			name = Debug;
		};
		BE485F5019B7BF0800F58B99 /* Release */ = {
			isa = XCBuildConfiguration;
			buildSettings = {
				BUNDLE_LOADER = "$(BUILT_PRODUCTS_DIR)/CollectionDemo.app/CollectionDemo";
				FRAMEWORK_SEARCH_PATHS = (
					"$(SDKROOT)/Developer/Library/Frameworks",
					"$(inherited)",
					"$(DEVELOPER_FRAMEWORKS_DIR)",
				);
				GCC_PRECOMPILE_PREFIX_HEADER = YES;
				GCC_PREFIX_HEADER = "CollectionDemo/CollectionDemo-Prefix.pch";
				INFOPLIST_FILE = "CollectionDemoTests/CollectionDemoTests-Info.plist";
				PRODUCT_NAME = "$(TARGET_NAME)";
				TEST_HOST = "$(BUNDLE_LOADER)";
				WRAPPER_EXTENSION = xctest;
			};
			name = Release;
		};
/* End XCBuildConfiguration section */

/* Begin XCConfigurationList section */
		BE485F1419B7BF0800F58B99 /* Build configuration list for PBXProject "CollectionDemo" */ = {
			isa = XCConfigurationList;
			buildConfigurations = (
				BE485F4919B7BF0800F58B99 /* Debug */,
				BE485F4A19B7BF0800F58B99 /* Release */,
			);
			defaultConfigurationIsVisible = 0;
			defaultConfigurationName = Release;
		};
		BE485F4B19B7BF0800F58B99 /* Build configuration list for PBXNativeTarget "CollectionDemo" */ = {
			isa = XCConfigurationList;
			buildConfigurations = (
				BE485F4C19B7BF0800F58B99 /* Debug */,
				BE485F4D19B7BF0800F58B99 /* Release */,
			);
			defaultConfigurationIsVisible = 0;
			defaultConfigurationName = Release;
		};
		BE485F4E19B7BF0800F58B99 /* Build configuration list for PBXNativeTarget "CollectionDemoTests" */ = {
			isa = XCConfigurationList;
			buildConfigurations = (
				BE485F4F19B7BF0800F58B99 /* Debug */,
				BE485F5019B7BF0800F58B99 /* Release */,
			);
			defaultConfigurationIsVisible = 0;
			defaultConfigurationName = Release;
		};
/* End XCConfigurationList section */
	};
	rootObject = BE485F1119B7BF0800F58B99 /* Project object */;
}
